// !$*UTF8*$!
{
	archiveVersion = 1;
	classes = {
	};
	objectVersion = 46;
	objects = {

/* Begin PBXBuildFile section */
		923A5FA519EB0C1A00D54361 /* main.m in Sources */ = {isa = PBXBuildFile; fileRef = 923A5FA419EB0C1A00D54361 /* main.m */; };
		923A5FA819EB0C1A00D54361 /* AppDelegate.m in Sources */ = {isa = PBXBuildFile; fileRef = 923A5FA719EB0C1A00D54361 /* AppDelegate.m */; };
		923A5FAB19EB0C1A00D54361 /* FirstViewController.m in Sources */ = {isa = PBXBuildFile; fileRef = 923A5FAA19EB0C1A00D54361 /* FirstViewController.m */; };
		923A5FAE19EB0C1A00D54361 /* SecondViewController.m in Sources */ = {isa = PBXBuildFile; fileRef = 923A5FAD19EB0C1A00D54361 /* SecondViewController.m */; };
		923A5FB119EB0C1A00D54361 /* Main.storyboard in Resources */ = {isa = PBXBuildFile; fileRef = 923A5FAF19EB0C1A00D54361 /* Main.storyboard */; };
		923A5FB319EB0C1A00D54361 /* Images.xcassets in Resources */ = {isa = PBXBuildFile; fileRef = 923A5FB219EB0C1A00D54361 /* Images.xcassets */; };
		923A5FB619EB0C1A00D54361 /* LaunchScreen.xib in Resources */ = {isa = PBXBuildFile; fileRef = 923A5FB419EB0C1A00D54361 /* LaunchScreen.xib */; };
		923A5FC219EB0C1A00D54361 /* PollUTests.m in Sources */ = {isa = PBXBuildFile; fileRef = 923A5FC119EB0C1A00D54361 /* PollUTests.m */; };
/* End PBXBuildFile section */

/* Begin PBXContainerItemProxy section */
		923A5FBC19EB0C1A00D54361 /* PBXContainerItemProxy */ = {
			isa = PBXContainerItemProxy;
			containerPortal = 923A5F9719EB0C1A00D54361 /* Project object */;
			proxyType = 1;
			remoteGlobalIDString = 923A5F9E19EB0C1A00D54361;
			remoteInfo = PollU;
		};
/* End PBXContainerItemProxy section */

/* Begin PBXFileReference section */
		923A5F9F19EB0C1A00D54361 /* PollU.app */ = {isa = PBXFileReference; explicitFileType = wrapper.application; includeInIndex = 0; path = PollU.app; sourceTree = BUILT_PRODUCTS_DIR; };
		923A5FA319EB0C1A00D54361 /* Info.plist */ = {isa = PBXFileReference; lastKnownFileType = text.plist.xml; path = Info.plist; sourceTree = "<group>"; };
		923A5FA419EB0C1A00D54361 /* main.m */ = {isa = PBXFileReference; lastKnownFileType = sourcecode.c.objc; path = main.m; sourceTree = "<group>"; };
		923A5FA619EB0C1A00D54361 /* AppDelegate.h */ = {isa = PBXFileReference; lastKnownFileType = sourcecode.c.h; path = AppDelegate.h; sourceTree = "<group>"; };
		923A5FA719EB0C1A00D54361 /* AppDelegate.m */ = {isa = PBXFileReference; lastKnownFileType = sourcecode.c.objc; path = AppDelegate.m; sourceTree = "<group>"; };
		923A5FA919EB0C1A00D54361 /* FirstViewController.h */ = {isa = PBXFileReference; lastKnownFileType = sourcecode.c.h; path = FirstViewController.h; sourceTree = "<group>"; };
		923A5FAA19EB0C1A00D54361 /* FirstViewController.m */ = {isa = PBXFileReference; lastKnownFileType = sourcecode.c.objc; path = FirstViewController.m; sourceTree = "<group>"; };
		923A5FAC19EB0C1A00D54361 /* SecondViewController.h */ = {isa = PBXFileReference; lastKnownFileType = sourcecode.c.h; path = SecondViewController.h; sourceTree = "<group>"; };
		923A5FAD19EB0C1A00D54361 /* SecondViewController.m */ = {isa = PBXFileReference; lastKnownFileType = sourcecode.c.objc; path = SecondViewController.m; sourceTree = "<group>"; };
		923A5FB019EB0C1A00D54361 /* Base */ = {isa = PBXFileReference; lastKnownFileType = file.storyboard; name = Base; path = Base.lproj/Main.storyboard; sourceTree = "<group>"; };
		923A5FB219EB0C1A00D54361 /* Images.xcassets */ = {isa = PBXFileReference; lastKnownFileType = folder.assetcatalog; path = Images.xcassets; sourceTree = "<group>"; };
		923A5FB519EB0C1A00D54361 /* Base */ = {isa = PBXFileReference; lastKnownFileType = file.xib; name = Base; path = Base.lproj/LaunchScreen.xib; sourceTree = "<group>"; };
		923A5FBB19EB0C1A00D54361 /* PollUTests.xctest */ = {isa = PBXFileReference; explicitFileType = wrapper.cfbundle; includeInIndex = 0; path = PollUTests.xctest; sourceTree = BUILT_PRODUCTS_DIR; };
		923A5FC019EB0C1A00D54361 /* Info.plist */ = {isa = PBXFileReference; lastKnownFileType = text.plist.xml; path = Info.plist; sourceTree = "<group>"; };
		923A5FC119EB0C1A00D54361 /* PollUTests.m */ = {isa = PBXFileReference; lastKnownFileType = sourcecode.c.objc; path = PollUTests.m; sourceTree = "<group>"; };
/* End PBXFileReference section */

/* Begin PBXFrameworksBuildPhase section */
		923A5F9C19EB0C1A00D54361 /* Frameworks */ = {
			isa = PBXFrameworksBuildPhase;
			buildActionMask = 2147483647;
			files = (
			);
			runOnlyForDeploymentPostprocessing = 0;
		};
		923A5FB819EB0C1A00D54361 /* Frameworks */ = {
			isa = PBXFrameworksBuildPhase;
			buildActionMask = 2147483647;
			files = (
			);
			runOnlyForDeploymentPostprocessing = 0;
		};
/* End PBXFrameworksBuildPhase section */

/* Begin PBXGroup section */
		923A5F9619EB0C1A00D54361 = {
			isa = PBXGroup;
			children = (
				923A5FA119EB0C1A00D54361 /* PollU */,
				923A5FBE19EB0C1A00D54361 /* PollUTests */,
				923A5FA019EB0C1A00D54361 /* Products */,
			);
			sourceTree = "<group>";
		};
		923A5FA019EB0C1A00D54361 /* Products */ = {
			isa = PBXGroup;
			children = (
				923A5F9F19EB0C1A00D54361 /* PollU.app */,
				923A5FBB19EB0C1A00D54361 /* PollUTests.xctest */,
			);
			name = Products;
			sourceTree = "<group>";
		};
		923A5FA119EB0C1A00D54361 /* PollU */ = {
			isa = PBXGroup;
			children = (
				923A5FA619EB0C1A00D54361 /* AppDelegate.h */,
				923A5FA719EB0C1A00D54361 /* AppDelegate.m */,
				923A5FA919EB0C1A00D54361 /* FirstViewController.h */,
				923A5FAA19EB0C1A00D54361 /* FirstViewController.m */,
				923A5FAC19EB0C1A00D54361 /* SecondViewController.h */,
				923A5FAD19EB0C1A00D54361 /* SecondViewController.m */,
				923A5FAF19EB0C1A00D54361 /* Main.storyboard */,
				923A5FB219EB0C1A00D54361 /* Images.xcassets */,
				923A5FB419EB0C1A00D54361 /* LaunchScreen.xib */,
				923A5FA219EB0C1A00D54361 /* Supporting Files */,
			);
			path = PollU;
			sourceTree = "<group>";
		};
		923A5FA219EB0C1A00D54361 /* Supporting Files */ = {
			isa = PBXGroup;
			children = (
				923A5FA319EB0C1A00D54361 /* Info.plist */,
				923A5FA419EB0C1A00D54361 /* main.m */,
			);
			name = "Supporting Files";
			sourceTree = "<group>";
		};
		923A5FBE19EB0C1A00D54361 /* PollUTests */ = {
			isa = PBXGroup;
			children = (
				923A5FC119EB0C1A00D54361 /* PollUTests.m */,
				923A5FBF19EB0C1A00D54361 /* Supporting Files */,
			);
			path = PollUTests;
			sourceTree = "<group>";
		};
		923A5FBF19EB0C1A00D54361 /* Supporting Files */ = {
			isa = PBXGroup;
			children = (
				923A5FC019EB0C1A00D54361 /* Info.plist */,
			);
			name = "Supporting Files";
			sourceTree = "<group>";
		};
/* End PBXGroup section */

/* Begin PBXNativeTarget section */
		923A5F9E19EB0C1A00D54361 /* PollU */ = {
			isa = PBXNativeTarget;
			buildConfigurationList = 923A5FC519EB0C1A00D54361 /* Build configuration list for PBXNativeTarget "PollU" */;
			buildPhases = (
				923A5F9B19EB0C1A00D54361 /* Sources */,
				923A5F9C19EB0C1A00D54361 /* Frameworks */,
				923A5F9D19EB0C1A00D54361 /* Resources */,
			);
			buildRules = (
			);
			dependencies = (
			);
			name = PollU;
			productName = PollU;
			productReference = 923A5F9F19EB0C1A00D54361 /* PollU.app */;
			productType = "com.apple.product-type.application";
		};
		923A5FBA19EB0C1A00D54361 /* PollUTests */ = {
			isa = PBXNativeTarget;
			buildConfigurationList = 923A5FC819EB0C1A00D54361 /* Build configuration list for PBXNativeTarget "PollUTests" */;
			buildPhases = (
				923A5FB719EB0C1A00D54361 /* Sources */,
				923A5FB819EB0C1A00D54361 /* Frameworks */,
				923A5FB919EB0C1A00D54361 /* Resources */,
			);
			buildRules = (
			);
			dependencies = (
				923A5FBD19EB0C1A00D54361 /* PBXTargetDependency */,
			);
			name = PollUTests;
			productName = PollUTests;
			productReference = 923A5FBB19EB0C1A00D54361 /* PollUTests.xctest */;
			productType = "com.apple.product-type.bundle.unit-test";
		};
/* End PBXNativeTarget section */

/* Begin PBXProject section */
		923A5F9719EB0C1A00D54361 /* Project object */ = {
			isa = PBXProject;
			attributes = {
				LastUpgradeCheck = 0600;
				ORGANIZATIONNAME = sickles.ryan;
				TargetAttributes = {
					923A5F9E19EB0C1A00D54361 = {
						CreatedOnToolsVersion = 6.0.1;
					};
					923A5FBA19EB0C1A00D54361 = {
						CreatedOnToolsVersion = 6.0.1;
						TestTargetID = 923A5F9E19EB0C1A00D54361;
					};
				};
			};
			buildConfigurationList = 923A5F9A19EB0C1A00D54361 /* Build configuration list for PBXProject "PollU" */;
			compatibilityVersion = "Xcode 3.2";
			developmentRegion = English;
			hasScannedForEncodings = 0;
			knownRegions = (
				en,
				Base,
			);
			mainGroup = 923A5F9619EB0C1A00D54361;
			productRefGroup = 923A5FA019EB0C1A00D54361 /* Products */;
			projectDirPath = "";
			projectRoot = "";
			targets = (
				923A5F9E19EB0C1A00D54361 /* PollU */,
				923A5FBA19EB0C1A00D54361 /* PollUTests */,
			);
		};
/* End PBXProject section */

/* Begin PBXResourcesBuildPhase section */
		923A5F9D19EB0C1A00D54361 /* Resources */ = {
			isa = PBXResourcesBuildPhase;
			buildActionMask = 2147483647;
			files = (
				923A5FB119EB0C1A00D54361 /* Main.storyboard in Resources */,
				923A5FB619EB0C1A00D54361 /* LaunchScreen.xib in Resources */,
				923A5FB319EB0C1A00D54361 /* Images.xcassets in Resources */,
			);
			runOnlyForDeploymentPostprocessing = 0;
		};
		923A5FB919EB0C1A00D54361 /* Resources */ = {
			isa = PBXResourcesBuildPhase;
			buildActionMask = 2147483647;
			files = (
			);
			runOnlyForDeploymentPostprocessing = 0;
		};
/* End PBXResourcesBuildPhase section */

/* Begin PBXSourcesBuildPhase section */
		923A5F9B19EB0C1A00D54361 /* Sources */ = {
			isa = PBXSourcesBuildPhase;
			buildActionMask = 2147483647;
			files = (
				923A5FAE19EB0C1A00D54361 /* SecondViewController.m in Sources */,
				923A5FA819EB0C1A00D54361 /* AppDelegate.m in Sources */,
				923A5FAB19EB0C1A00D54361 /* FirstViewController.m in Sources */,
				923A5FA519EB0C1A00D54361 /* main.m in Sources */,
			);
			runOnlyForDeploymentPostprocessing = 0;
		};
		923A5FB719EB0C1A00D54361 /* Sources */ = {
			isa = PBXSourcesBuildPhase;
			buildActionMask = 2147483647;
			files = (
				923A5FC219EB0C1A00D54361 /* PollUTests.m in Sources */,
			);
			runOnlyForDeploymentPostprocessing = 0;
		};
/* End PBXSourcesBuildPhase section */

/* Begin PBXTargetDependency section */
		923A5FBD19EB0C1A00D54361 /* PBXTargetDependency */ = {
			isa = PBXTargetDependency;
			target = 923A5F9E19EB0C1A00D54361 /* PollU */;
			targetProxy = 923A5FBC19EB0C1A00D54361 /* PBXContainerItemProxy */;
		};
/* End PBXTargetDependency section */

/* Begin PBXVariantGroup section */
		923A5FAF19EB0C1A00D54361 /* Main.storyboard */ = {
			isa = PBXVariantGroup;
			children = (
				923A5FB019EB0C1A00D54361 /* Base */,
			);
			name = Main.storyboard;
			sourceTree = "<group>";
		};
		923A5FB419EB0C1A00D54361 /* LaunchScreen.xib */ = {
			isa = PBXVariantGroup;
			children = (
				923A5FB519EB0C1A00D54361 /* Base */,
			);
			name = LaunchScreen.xib;
			sourceTree = "<group>";
		};
/* End PBXVariantGroup section */

/* Begin XCBuildConfiguration section */
		923A5FC319EB0C1A00D54361 /* Debug */ = {
			isa = XCBuildConfiguration;
			buildSettings = {
				ALWAYS_SEARCH_USER_PATHS = NO;
				CLANG_CXX_LANGUAGE_STANDARD = "gnu++0x";
				CLANG_CXX_LIBRARY = "libc++";
				CLANG_ENABLE_MODULES = YES;
				CLANG_ENABLE_OBJC_ARC = YES;
				CLANG_WARN_BOOL_CONVERSION = YES;
				CLANG_WARN_CONSTANT_CONVERSION = YES;
				CLANG_WARN_DIRECT_OBJC_ISA_USAGE = YES_ERROR;
				CLANG_WARN_EMPTY_BODY = YES;
				CLANG_WARN_ENUM_CONVERSION = YES;
				CLANG_WARN_INT_CONVERSION = YES;
				CLANG_WARN_OBJC_ROOT_CLASS = YES_ERROR;
				CLANG_WARN_UNREACHABLE_CODE = YES;
				CLANG_WARN__DUPLICATE_METHOD_MATCH = YES;
				"CODE_SIGN_IDENTITY[sdk=iphoneos*]" = "iPhone Developer";
				COPY_PHASE_STRIP = NO;
				ENABLE_STRICT_OBJC_MSGSEND = YES;
				GCC_C_LANGUAGE_STANDARD = gnu99;
				GCC_DYNAMIC_NO_PIC = NO;
				GCC_OPTIMIZATION_LEVEL = 0;
				GCC_PREPROCESSOR_DEFINITIONS = (
					"DEBUG=1",
					"$(inherited)",
				);
				GCC_SYMBOLS_PRIVATE_EXTERN = NO;
				GCC_WARN_64_TO_32_BIT_CONVERSION = YES;
				GCC_WARN_ABOUT_RETURN_TYPE = YES_ERROR;
				GCC_WARN_UNDECLARED_SELECTOR = YES;
				GCC_WARN_UNINITIALIZED_AUTOS = YES_AGGRESSIVE;
				GCC_WARN_UNUSED_FUNCTION = YES;
				GCC_WARN_UNUSED_VARIABLE = YES;
				IPHONEOS_DEPLOYMENT_TARGET = 8.0;
				MTL_ENABLE_DEBUG_INFO = YES;
				ONLY_ACTIVE_ARCH = YES;
				SDKROOT = iphoneos;
			};
			name = Debug;
		};
		923A5FC419EB0C1A00D54361 /* Release */ = {
			isa = XCBuildConfiguration;
			buildSettings = {
				ALWAYS_SEARCH_USER_PATHS = NO;
				CLANG_CXX_LANGUAGE_STANDARD = "gnu++0x";
				CLANG_CXX_LIBRARY = "libc++";
				CLANG_ENABLE_MODULES = YES;
				CLANG_ENABLE_OBJC_ARC = YES;
				CLANG_WARN_BOOL_CONVERSION = YES;
				CLANG_WARN_CONSTANT_CONVERSION = YES;
				CLANG_WARN_DIRECT_OBJC_ISA_USAGE = YES_ERROR;
				CLANG_WARN_EMPTY_BODY = YES;
				CLANG_WARN_ENUM_CONVERSION = YES;
				CLANG_WARN_INT_CONVERSION = YES;
				CLANG_WARN_OBJC_ROOT_CLASS = YES_ERROR;
				CLANG_WARN_UNREACHABLE_CODE = YES;
				CLANG_WARN__DUPLICATE_METHOD_MATCH = YES;
				"CODE_SIGN_IDENTITY[sdk=iphoneos*]" = "iPhone Developer";
				COPY_PHASE_STRIP = YES;
				ENABLE_NS_ASSERTIONS = NO;
				ENABLE_STRICT_OBJC_MSGSEND = YES;
				GCC_C_LANGUAGE_STANDARD = gnu99;
				GCC_WARN_64_TO_32_BIT_CONVERSION = YES;
				GCC_WARN_ABOUT_RETURN_TYPE = YES_ERROR;
				GCC_WARN_UNDECLARED_SELECTOR = YES;
				GCC_WARN_UNINITIALIZED_AUTOS = YES_AGGRESSIVE;
				GCC_WARN_UNUSED_FUNCTION = YES;
				GCC_WARN_UNUSED_VARIABLE = YES;
				IPHONEOS_DEPLOYMENT_TARGET = 8.0;
				MTL_ENABLE_DEBUG_INFO = NO;
				SDKROOT = iphoneos;
				VALIDATE_PRODUCT = YES;
			};
			name = Release;
		};
		923A5FC619EB0C1A00D54361 /* Debug */ = {
			isa = XCBuildConfiguration;
			buildSettings = {
				ASSETCATALOG_COMPILER_APPICON_NAME = AppIcon;
				INFOPLIST_FILE = PollU/Info.plist;
				LD_RUNPATH_SEARCH_PATHS = "$(inherited) @executable_path/Frameworks";
				PRODUCT_NAME = "$(TARGET_NAME)";
			};
			name = Debug;
		};
		923A5FC719EB0C1A00D54361 /* Release */ = {
			isa = XCBuildConfiguration;
			buildSettings = {
				ASSETCATALOG_COMPILER_APPICON_NAME = AppIcon;
				INFOPLIST_FILE = PollU/Info.plist;
				LD_RUNPATH_SEARCH_PATHS = "$(inherited) @executable_path/Frameworks";
				PRODUCT_NAME = "$(TARGET_NAME)";
			};
			name = Release;
		};
		923A5FC919EB0C1A00D54361 /* Debug */ = {
			isa = XCBuildConfiguration;
			buildSettings = {
				BUNDLE_LOADER = "$(TEST_HOST)";
				FRAMEWORK_SEARCH_PATHS = (
					"$(SDKROOT)/Developer/Library/Frameworks",
					"$(inherited)",
				);
				GCC_PREPROCESSOR_DEFINITIONS = (
					"DEBUG=1",
					"$(inherited)",
				);
				INFOPLIST_FILE = PollUTests/Info.plist;
				LD_RUNPATH_SEARCH_PATHS = "$(inherited) @executable_path/Frameworks @loader_path/Frameworks";
				PRODUCT_NAME = "$(TARGET_NAME)";
				TEST_HOST = "$(BUILT_PRODUCTS_DIR)/PollU.app/PollU";
			};
			name = Debug;
		};
		923A5FCA19EB0C1A00D54361 /* Release */ = {
			isa = XCBuildConfiguration;
			buildSettings = {
				BUNDLE_LOADER = "$(TEST_HOST)";
				FRAMEWORK_SEARCH_PATHS = (
					"$(SDKROOT)/Developer/Library/Frameworks",
					"$(inherited)",
				);
				INFOPLIST_FILE = PollUTests/Info.plist;
				LD_RUNPATH_SEARCH_PATHS = "$(inherited) @executable_path/Frameworks @loader_path/Frameworks";
				PRODUCT_NAME = "$(TARGET_NAME)";
				TEST_HOST = "$(BUILT_PRODUCTS_DIR)/PollU.app/PollU";
			};
			name = Release;
		};
/* End XCBuildConfiguration section */

/* Begin XCConfigurationList section */
		923A5F9A19EB0C1A00D54361 /* Build configuration list for PBXProject "PollU" */ = {
			isa = XCConfigurationList;
			buildConfigurations = (
				923A5FC319EB0C1A00D54361 /* Debug */,
				923A5FC419EB0C1A00D54361 /* Release */,
			);
			defaultConfigurationIsVisible = 0;
			defaultConfigurationName = Release;
		};
		923A5FC519EB0C1A00D54361 /* Build configuration list for PBXNativeTarget "PollU" */ = {
			isa = XCConfigurationList;
			buildConfigurations = (
				923A5FC619EB0C1A00D54361 /* Debug */,
				923A5FC719EB0C1A00D54361 /* Release */,
			);
			defaultConfigurationIsVisible = 0;
		};
		923A5FC819EB0C1A00D54361 /* Build configuration list for PBXNativeTarget "PollUTests" */ = {
			isa = XCConfigurationList;
			buildConfigurations = (
				923A5FC919EB0C1A00D54361 /* Debug */,
				923A5FCA19EB0C1A00D54361 /* Release */,
			);
			defaultConfigurationIsVisible = 0;
		};
/* End XCConfigurationList section */
	};
	rootObject = 923A5F9719EB0C1A00D54361 /* Project object */;
}
